// !$*UTF8*$!
{
	archiveVersion = 1;
	classes = {
	};
	objectVersion = 46;
	objects = {

/* Begin PBXBuildFile section */
		46764AFA1A4F93F200F0859C /* Foundation.framework in Frameworks */ = {isa = PBXBuildFile; fileRef = 46764AF91A4F93F200F0859C /* Foundation.framework */; };
		46764AFC1A4F93F200F0859C /* CoreGraphics.framework in Frameworks */ = {isa = PBXBuildFile; fileRef = 46764AFB1A4F93F200F0859C /* CoreGraphics.framework */; };
		46764AFE1A4F93F200F0859C /* UIKit.framework in Frameworks */ = {isa = PBXBuildFile; fileRef = 46764AFD1A4F93F200F0859C /* UIKit.framework */; };
		46764B041A4F93F200F0859C /* InfoPlist.strings in Resources */ = {isa = PBXBuildFile; fileRef = 46764B021A4F93F200F0859C /* InfoPlist.strings */; };
		46764B061A4F93F200F0859C /* main.m in Sources */ = {isa = PBXBuildFile; fileRef = 46764B051A4F93F200F0859C /* main.m */; };
		46764B0A1A4F93F200F0859C /* WhereAppDelegate.m in Sources */ = {isa = PBXBuildFile; fileRef = 46764B091A4F93F200F0859C /* WhereAppDelegate.m */; };
		46764B0D1A4F93F200F0859C /* Main.storyboard in Resources */ = {isa = PBXBuildFile; fileRef = 46764B0B1A4F93F200F0859C /* Main.storyboard */; };
		46764B101A4F93F200F0859C /* WhereViewController.m in Sources */ = {isa = PBXBuildFile; fileRef = 46764B0F1A4F93F200F0859C /* WhereViewController.m */; };
		46764B121A4F93F200F0859C /* Images.xcassets in Resources */ = {isa = PBXBuildFile; fileRef = 46764B111A4F93F200F0859C /* Images.xcassets */; };
		46764B191A4F93F200F0859C /* XCTest.framework in Frameworks */ = {isa = PBXBuildFile; fileRef = 46764B181A4F93F200F0859C /* XCTest.framework */; };
		46764B1A1A4F93F200F0859C /* Foundation.framework in Frameworks */ = {isa = PBXBuildFile; fileRef = 46764AF91A4F93F200F0859C /* Foundation.framework */; };
		46764B1B1A4F93F200F0859C /* UIKit.framework in Frameworks */ = {isa = PBXBuildFile; fileRef = 46764AFD1A4F93F200F0859C /* UIKit.framework */; };
		46764B231A4F93F200F0859C /* InfoPlist.strings in Resources */ = {isa = PBXBuildFile; fileRef = 46764B211A4F93F200F0859C /* InfoPlist.strings */; };
		46764B251A4F93F200F0859C /* WhereAmITests.m in Sources */ = {isa = PBXBuildFile; fileRef = 46764B241A4F93F200F0859C /* WhereAmITests.m */; };
		46764B2F1A4F947000F0859C /* CoreLocation.framework in Frameworks */ = {isa = PBXBuildFile; fileRef = 46764B2E1A4F947000F0859C /* CoreLocation.framework */; };
		46764B311A4F947B00F0859C /* MapKit.framework in Frameworks */ = {isa = PBXBuildFile; fileRef = 46764B301A4F947B00F0859C /* MapKit.framework */; };
		46764B341A4FA43E00F0859C /* BNRMapPoint.m in Sources */ = {isa = PBXBuildFile; fileRef = 46764B331A4FA43E00F0859C /* BNRMapPoint.m */; };
/* End PBXBuildFile section */

/* Begin PBXContainerItemProxy section */
		46764B1C1A4F93F200F0859C /* PBXContainerItemProxy */ = {
			isa = PBXContainerItemProxy;
			containerPortal = 46764AEE1A4F93F200F0859C /* Project object */;
			proxyType = 1;
			remoteGlobalIDString = 46764AF51A4F93F200F0859C;
			remoteInfo = WhereAmI;
		};
/* End PBXContainerItemProxy section */

/* Begin PBXFileReference section */
		46764AF61A4F93F200F0859C /* WhereAmI.app */ = {isa = PBXFileReference; explicitFileType = wrapper.application; includeInIndex = 0; path = WhereAmI.app; sourceTree = BUILT_PRODUCTS_DIR; };
		46764AF91A4F93F200F0859C /* Foundation.framework */ = {isa = PBXFileReference; lastKnownFileType = wrapper.framework; name = Foundation.framework; path = System/Library/Frameworks/Foundation.framework; sourceTree = SDKROOT; };
		46764AFB1A4F93F200F0859C /* CoreGraphics.framework */ = {isa = PBXFileReference; lastKnownFileType = wrapper.framework; name = CoreGraphics.framework; path = System/Library/Frameworks/CoreGraphics.framework; sourceTree = SDKROOT; };
		46764AFD1A4F93F200F0859C /* UIKit.framework */ = {isa = PBXFileReference; lastKnownFileType = wrapper.framework; name = UIKit.framework; path = System/Library/Frameworks/UIKit.framework; sourceTree = SDKROOT; };
		46764B011A4F93F200F0859C /* WhereAmI-Info.plist */ = {isa = PBXFileReference; lastKnownFileType = text.plist.xml; path = "WhereAmI-Info.plist"; sourceTree = "<group>"; };
		46764B031A4F93F200F0859C /* en */ = {isa = PBXFileReference; lastKnownFileType = text.plist.strings; name = en; path = en.lproj/InfoPlist.strings; sourceTree = "<group>"; };
		46764B051A4F93F200F0859C /* main.m */ = {isa = PBXFileReference; lastKnownFileType = sourcecode.c.objc; path = main.m; sourceTree = "<group>"; };
		46764B071A4F93F200F0859C /* WhereAmI-Prefix.pch */ = {isa = PBXFileReference; lastKnownFileType = sourcecode.c.h; path = "WhereAmI-Prefix.pch"; sourceTree = "<group>"; };
		46764B081A4F93F200F0859C /* WhereAppDelegate.h */ = {isa = PBXFileReference; lastKnownFileType = sourcecode.c.h; path = WhereAppDelegate.h; sourceTree = "<group>"; };
		46764B091A4F93F200F0859C /* WhereAppDelegate.m */ = {isa = PBXFileReference; lastKnownFileType = sourcecode.c.objc; path = WhereAppDelegate.m; sourceTree = "<group>"; };
		46764B0C1A4F93F200F0859C /* Base */ = {isa = PBXFileReference; lastKnownFileType = file.storyboard; name = Base; path = Base.lproj/Main.storyboard; sourceTree = "<group>"; };
		46764B0E1A4F93F200F0859C /* WhereViewController.h */ = {isa = PBXFileReference; lastKnownFileType = sourcecode.c.h; path = WhereViewController.h; sourceTree = "<group>"; };
		46764B0F1A4F93F200F0859C /* WhereViewController.m */ = {isa = PBXFileReference; lastKnownFileType = sourcecode.c.objc; path = WhereViewController.m; sourceTree = "<group>"; };
		46764B111A4F93F200F0859C /* Images.xcassets */ = {isa = PBXFileReference; lastKnownFileType = folder.assetcatalog; path = Images.xcassets; sourceTree = "<group>"; };
		46764B171A4F93F200F0859C /* WhereAmITests.xctest */ = {isa = PBXFileReference; explicitFileType = wrapper.cfbundle; includeInIndex = 0; path = WhereAmITests.xctest; sourceTree = BUILT_PRODUCTS_DIR; };
		46764B181A4F93F200F0859C /* XCTest.framework */ = {isa = PBXFileReference; lastKnownFileType = wrapper.framework; name = XCTest.framework; path = Library/Frameworks/XCTest.framework; sourceTree = DEVELOPER_DIR; };
		46764B201A4F93F200F0859C /* WhereAmITests-Info.plist */ = {isa = PBXFileReference; lastKnownFileType = text.plist.xml; path = "WhereAmITests-Info.plist"; sourceTree = "<group>"; };
		46764B221A4F93F200F0859C /* en */ = {isa = PBXFileReference; lastKnownFileType = text.plist.strings; name = en; path = en.lproj/InfoPlist.strings; sourceTree = "<group>"; };
		46764B241A4F93F200F0859C /* WhereAmITests.m */ = {isa = PBXFileReference; lastKnownFileType = sourcecode.c.objc; path = WhereAmITests.m; sourceTree = "<group>"; };
		46764B2E1A4F947000F0859C /* CoreLocation.framework */ = {isa = PBXFileReference; lastKnownFileType = wrapper.framework; name = CoreLocation.framework; path = System/Library/Frameworks/CoreLocation.framework; sourceTree = SDKROOT; };
		46764B301A4F947B00F0859C /* MapKit.framework */ = {isa = PBXFileReference; lastKnownFileType = wrapper.framework; name = MapKit.framework; path = System/Library/Frameworks/MapKit.framework; sourceTree = SDKROOT; };
		46764B321A4FA43E00F0859C /* BNRMapPoint.h */ = {isa = PBXFileReference; fileEncoding = 4; lastKnownFileType = sourcecode.c.h; path = BNRMapPoint.h; sourceTree = "<group>"; };
		46764B331A4FA43E00F0859C /* BNRMapPoint.m */ = {isa = PBXFileReference; fileEncoding = 4; lastKnownFileType = sourcecode.c.objc; path = BNRMapPoint.m; sourceTree = "<group>"; };
/* End PBXFileReference section */

/* Begin PBXFrameworksBuildPhase section */
		46764AF31A4F93F200F0859C /* Frameworks */ = {
			isa = PBXFrameworksBuildPhase;
			buildActionMask = 2147483647;
			files = (
				46764B311A4F947B00F0859C /* MapKit.framework in Frameworks */,
				46764B2F1A4F947000F0859C /* CoreLocation.framework in Frameworks */,
				46764AFC1A4F93F200F0859C /* CoreGraphics.framework in Frameworks */,
				46764AFE1A4F93F200F0859C /* UIKit.framework in Frameworks */,
				46764AFA1A4F93F200F0859C /* Foundation.framework in Frameworks */,
			);
			runOnlyForDeploymentPostprocessing = 0;
		};
		46764B141A4F93F200F0859C /* Frameworks */ = {
			isa = PBXFrameworksBuildPhase;
			buildActionMask = 2147483647;
			files = (
				46764B191A4F93F200F0859C /* XCTest.framework in Frameworks */,
				46764B1B1A4F93F200F0859C /* UIKit.framework in Frameworks */,
				46764B1A1A4F93F200F0859C /* Foundation.framework in Frameworks */,
			);
			runOnlyForDeploymentPostprocessing = 0;
		};
/* End PBXFrameworksBuildPhase section */

/* Begin PBXGroup section */
		46764AED1A4F93F200F0859C = {
			isa = PBXGroup;
			children = (
				46764AFF1A4F93F200F0859C /* WhereAmI */,
				46764B1E1A4F93F200F0859C /* WhereAmITests */,
				46764AF81A4F93F200F0859C /* Frameworks */,
				46764AF71A4F93F200F0859C /* Products */,
			);
			sourceTree = "<group>";
		};
		46764AF71A4F93F200F0859C /* Products */ = {
			isa = PBXGroup;
			children = (
				46764AF61A4F93F200F0859C /* WhereAmI.app */,
				46764B171A4F93F200F0859C /* WhereAmITests.xctest */,
			);
			name = Products;
			sourceTree = "<group>";
		};
		46764AF81A4F93F200F0859C /* Frameworks */ = {
			isa = PBXGroup;
			children = (
				46764B301A4F947B00F0859C /* MapKit.framework */,
				46764B2E1A4F947000F0859C /* CoreLocation.framework */,
				46764AF91A4F93F200F0859C /* Foundation.framework */,
				46764AFB1A4F93F200F0859C /* CoreGraphics.framework */,
				46764AFD1A4F93F200F0859C /* UIKit.framework */,
				46764B181A4F93F200F0859C /* XCTest.framework */,
			);
			name = Frameworks;
			sourceTree = "<group>";
		};
		46764AFF1A4F93F200F0859C /* WhereAmI */ = {
			isa = PBXGroup;
			children = (
				46764B081A4F93F200F0859C /* WhereAppDelegate.h */,
				46764B091A4F93F200F0859C /* WhereAppDelegate.m */,
				46764B0B1A4F93F200F0859C /* Main.storyboard */,
				46764B0E1A4F93F200F0859C /* WhereViewController.h */,
				46764B0F1A4F93F200F0859C /* WhereViewController.m */,
				46764B111A4F93F200F0859C /* Images.xcassets */,
				46764B001A4F93F200F0859C /* Supporting Files */,
				46764B321A4FA43E00F0859C /* BNRMapPoint.h */,
				46764B331A4FA43E00F0859C /* BNRMapPoint.m */,
			);
			path = WhereAmI;
			sourceTree = "<group>";
		};
		46764B001A4F93F200F0859C /* Supporting Files */ = {
			isa = PBXGroup;
			children = (
				46764B011A4F93F200F0859C /* WhereAmI-Info.plist */,
				46764B021A4F93F200F0859C /* InfoPlist.strings */,
				46764B051A4F93F200F0859C /* main.m */,
				46764B071A4F93F200F0859C /* WhereAmI-Prefix.pch */,
			);
			name = "Supporting Files";
			sourceTree = "<group>";
		};
		46764B1E1A4F93F200F0859C /* WhereAmITests */ = {
			isa = PBXGroup;
			children = (
				46764B241A4F93F200F0859C /* WhereAmITests.m */,
				46764B1F1A4F93F200F0859C /* Supporting Files */,
			);
			path = WhereAmITests;
			sourceTree = "<group>";
		};
		46764B1F1A4F93F200F0859C /* Supporting Files */ = {
			isa = PBXGroup;
			children = (
				46764B201A4F93F200F0859C /* WhereAmITests-Info.plist */,
				46764B211A4F93F200F0859C /* InfoPlist.strings */,
			);
			name = "Supporting Files";
			sourceTree = "<group>";
		};
/* End PBXGroup section */

/* Begin PBXNativeTarget section */
		46764AF51A4F93F200F0859C /* WhereAmI */ = {
			isa = PBXNativeTarget;
			buildConfigurationList = 46764B281A4F93F200F0859C /* Build configuration list for PBXNativeTarget "WhereAmI" */;
			buildPhases = (
				46764AF21A4F93F200F0859C /* Sources */,
				46764AF31A4F93F200F0859C /* Frameworks */,
				46764AF41A4F93F200F0859C /* Resources */,
			);
			buildRules = (
			);
			dependencies = (
			);
			name = WhereAmI;
			productName = WhereAmI;
			productReference = 46764AF61A4F93F200F0859C /* WhereAmI.app */;
			productType = "com.apple.product-type.application";
		};
		46764B161A4F93F200F0859C /* WhereAmITests */ = {
			isa = PBXNativeTarget;
			buildConfigurationList = 46764B2B1A4F93F200F0859C /* Build configuration list for PBXNativeTarget "WhereAmITests" */;
			buildPhases = (
				46764B131A4F93F200F0859C /* Sources */,
				46764B141A4F93F200F0859C /* Frameworks */,
				46764B151A4F93F200F0859C /* Resources */,
			);
			buildRules = (
			);
			dependencies = (
				46764B1D1A4F93F200F0859C /* PBXTargetDependency */,
			);
			name = WhereAmITests;
			productName = WhereAmITests;
			productReference = 46764B171A4F93F200F0859C /* WhereAmITests.xctest */;
			productType = "com.apple.product-type.bundle.unit-test";
		};
/* End PBXNativeTarget section */

/* Begin PBXProject section */
		46764AEE1A4F93F200F0859C /* Project object */ = {
			isa = PBXProject;
			attributes = {
				CLASSPREFIX = Where;
				LastUpgradeCheck = 0510;
				ORGANIZATIONNAME = cn.com.tiros;
				TargetAttributes = {
					46764B161A4F93F200F0859C = {
						TestTargetID = 46764AF51A4F93F200F0859C;
					};
				};
			};
			buildConfigurationList = 46764AF11A4F93F200F0859C /* Build configuration list for PBXProject "WhereAmI" */;
			compatibilityVersion = "Xcode 3.2";
			developmentRegion = English;
			hasScannedForEncodings = 0;
			knownRegions = (
				en,
				Base,
			);
			mainGroup = 46764AED1A4F93F200F0859C;
			productRefGroup = 46764AF71A4F93F200F0859C /* Products */;
			projectDirPath = "";
			projectRoot = "";
			targets = (
				46764AF51A4F93F200F0859C /* WhereAmI */,
				46764B161A4F93F200F0859C /* WhereAmITests */,
			);
		};
/* End PBXProject section */

/* Begin PBXResourcesBuildPhase section */
		46764AF41A4F93F200F0859C /* Resources */ = {
			isa = PBXResourcesBuildPhase;
			buildActionMask = 2147483647;
			files = (
				46764B121A4F93F200F0859C /* Images.xcassets in Resources */,
				46764B041A4F93F200F0859C /* InfoPlist.strings in Resources */,
				46764B0D1A4F93F200F0859C /* Main.storyboard in Resources */,
			);
			runOnlyForDeploymentPostprocessing = 0;
		};
		46764B151A4F93F200F0859C /* Resources */ = {
			isa = PBXResourcesBuildPhase;
			buildActionMask = 2147483647;
			files = (
				46764B231A4F93F200F0859C /* InfoPlist.strings in Resources */,
			);
			runOnlyForDeploymentPostprocessing = 0;
		};
/* End PBXResourcesBuildPhase section */

/* Begin PBXSourcesBuildPhase section */
		46764AF21A4F93F200F0859C /* Sources */ = {
			isa = PBXSourcesBuildPhase;
			buildActionMask = 2147483647;
			files = (
				46764B0A1A4F93F200F0859C /* WhereAppDelegate.m in Sources */,
				46764B101A4F93F200F0859C /* WhereViewController.m in Sources */,
				46764B341A4FA43E00F0859C /* BNRMapPoint.m in Sources */,
				46764B061A4F93F200F0859C /* main.m in Sources */,
			);
			runOnlyForDeploymentPostprocessing = 0;
		};
		46764B131A4F93F200F0859C /* Sources */ = {
			isa = PBXSourcesBuildPhase;
			buildActionMask = 2147483647;
			files = (
				46764B251A4F93F200F0859C /* WhereAmITests.m in Sources */,
			);
			runOnlyForDeploymentPostprocessing = 0;
		};
/* End PBXSourcesBuildPhase section */

/* Begin PBXTargetDependency section */
		46764B1D1A4F93F200F0859C /* PBXTargetDependency */ = {
			isa = PBXTargetDependency;
			target = 46764AF51A4F93F200F0859C /* WhereAmI */;
			targetProxy = 46764B1C1A4F93F200F0859C /* PBXContainerItemProxy */;
		};
/* End PBXTargetDependency section */

/* Begin PBXVariantGroup section */
		46764B021A4F93F200F0859C /* InfoPlist.strings */ = {
			isa = PBXVariantGroup;
			children = (
				46764B031A4F93F200F0859C /* en */,
			);
			name = InfoPlist.strings;
			sourceTree = "<group>";
		};
		46764B0B1A4F93F200F0859C /* Main.storyboard */ = {
			isa = PBXVariantGroup;
			children = (
				46764B0C1A4F93F200F0859C /* Base */,
			);
			name = Main.storyboard;
			sourceTree = "<group>";
		};
		46764B211A4F93F200F0859C /* InfoPlist.strings */ = {
			isa = PBXVariantGroup;
			children = (
				46764B221A4F93F200F0859C /* en */,
			);
			name = InfoPlist.strings;
			sourceTree = "<group>";
		};
/* End PBXVariantGroup section */

/* Begin XCBuildConfiguration section */
		46764B261A4F93F200F0859C /* Debug */ = {
			isa = XCBuildConfiguration;
			buildSettings = {
				ALWAYS_SEARCH_USER_PATHS = NO;
				CLANG_CXX_LANGUAGE_STANDARD = "gnu++0x";
				CLANG_CXX_LIBRARY = "libc++";
				CLANG_ENABLE_MODULES = YES;
				CLANG_ENABLE_OBJC_ARC = YES;
				CLANG_WARN_BOOL_CONVERSION = YES;
				CLANG_WARN_CONSTANT_CONVERSION = YES;
				CLANG_WARN_DIRECT_OBJC_ISA_USAGE = YES_ERROR;
				CLANG_WARN_EMPTY_BODY = YES;
				CLANG_WARN_ENUM_CONVERSION = YES;
				CLANG_WARN_INT_CONVERSION = YES;
				CLANG_WARN_OBJC_ROOT_CLASS = YES_ERROR;
				CLANG_WARN__DUPLICATE_METHOD_MATCH = YES;
				"CODE_SIGN_IDENTITY[sdk=iphoneos*]" = "iPhone Developer";
				COPY_PHASE_STRIP = NO;
				GCC_C_LANGUAGE_STANDARD = gnu99;
				GCC_DYNAMIC_NO_PIC = NO;
				GCC_OPTIMIZATION_LEVEL = 0;
				GCC_PREPROCESSOR_DEFINITIONS = (
					"DEBUG=1",
					"$(inherited)",
				);
				GCC_SYMBOLS_PRIVATE_EXTERN = NO;
				GCC_WARN_64_TO_32_BIT_CONVERSION = YES;
				GCC_WARN_ABOUT_RETURN_TYPE = YES_ERROR;
				GCC_WARN_UNDECLARED_SELECTOR = YES;
				GCC_WARN_UNINITIALIZED_AUTOS = YES_AGGRESSIVE;
				GCC_WARN_UNUSED_FUNCTION = YES;
				GCC_WARN_UNUSED_VARIABLE = YES;
				IPHONEOS_DEPLOYMENT_TARGET = 7.1;
				ONLY_ACTIVE_ARCH = YES;
				SDKROOT = iphoneos;
			};
			name = Debug;
		};
		46764B271A4F93F200F0859C /* Release */ = {
			isa = XCBuildConfiguration;
			buildSettings = {
				ALWAYS_SEARCH_USER_PATHS = NO;
				CLANG_CXX_LANGUAGE_STANDARD = "gnu++0x";
				CLANG_CXX_LIBRARY = "libc++";
				CLANG_ENABLE_MODULES = YES;
				CLANG_ENABLE_OBJC_ARC = YES;
				CLANG_WARN_BOOL_CONVERSION = YES;
				CLANG_WARN_CONSTANT_CONVERSION = YES;
				CLANG_WARN_DIRECT_OBJC_ISA_USAGE = YES_ERROR;
				CLANG_WARN_EMPTY_BODY = YES;
				CLANG_WARN_ENUM_CONVERSION = YES;
				CLANG_WARN_INT_CONVERSION = YES;
				CLANG_WARN_OBJC_ROOT_CLASS = YES_ERROR;
				CLANG_WARN__DUPLICATE_METHOD_MATCH = YES;
				"CODE_SIGN_IDENTITY[sdk=iphoneos*]" = "iPhone Developer";
				COPY_PHASE_STRIP = YES;
				ENABLE_NS_ASSERTIONS = NO;
				GCC_C_LANGUAGE_STANDARD = gnu99;
				GCC_WARN_64_TO_32_BIT_CONVERSION = YES;
				GCC_WARN_ABOUT_RETURN_TYPE = YES_ERROR;
				GCC_WARN_UNDECLARED_SELECTOR = YES;
				GCC_WARN_UNINITIALIZED_AUTOS = YES_AGGRESSIVE;
				GCC_WARN_UNUSED_FUNCTION = YES;
				GCC_WARN_UNUSED_VARIABLE = YES;
				IPHONEOS_DEPLOYMENT_TARGET = 7.1;
				SDKROOT = iphoneos;
				VALIDATE_PRODUCT = YES;
			};
			name = Release;
		};
		46764B291A4F93F200F0859C /* Debug */ = {
			isa = XCBuildConfiguration;
			buildSettings = {
				ASSETCATALOG_COMPILER_APPICON_NAME = AppIcon;
				ASSETCATALOG_COMPILER_LAUNCHIMAGE_NAME = LaunchImage;
				GCC_PRECOMPILE_PREFIX_HEADER = YES;
				GCC_PREFIX_HEADER = "WhereAmI/WhereAmI-Prefix.pch";
				INFOPLIST_FILE = "WhereAmI/WhereAmI-Info.plist";
				PRODUCT_NAME = "$(TARGET_NAME)";
				WRAPPER_EXTENSION = app;
			};
			name = Debug;
		};
		46764B2A1A4F93F200F0859C /* Release */ = {
			isa = XCBuildConfiguration;
			buildSettings = {
				ASSETCATALOG_COMPILER_APPICON_NAME = AppIcon;
				ASSETCATALOG_COMPILER_LAUNCHIMAGE_NAME = LaunchImage;
				GCC_PRECOMPILE_PREFIX_HEADER = YES;
				GCC_PREFIX_HEADER = "WhereAmI/WhereAmI-Prefix.pch";
				INFOPLIST_FILE = "WhereAmI/WhereAmI-Info.plist";
				PRODUCT_NAME = "$(TARGET_NAME)";
				WRAPPER_EXTENSION = app;
			};
			name = Release;
		};
		46764B2C1A4F93F200F0859C /* Debug */ = {
			isa = XCBuildConfiguration;
			buildSettings = {
				BUNDLE_LOADER = "$(BUILT_PRODUCTS_DIR)/WhereAmI.app/WhereAmI";
				FRAMEWORK_SEARCH_PATHS = (
					"$(SDKROOT)/Developer/Library/Frameworks",
					"$(inherited)",
					"$(DEVELOPER_FRAMEWORKS_DIR)",
				);
				GCC_PRECOMPILE_PREFIX_HEADER = YES;
				GCC_PREFIX_HEADER = "WhereAmI/WhereAmI-Prefix.pch";
				GCC_PREPROCESSOR_DEFINITIONS = (
					"DEBUG=1",
					"$(inherited)",
				);
				INFOPLIST_FILE = "WhereAmITests/WhereAmITests-Info.plist";
				PRODUCT_NAME = "$(TARGET_NAME)";
				TEST_HOST = "$(BUNDLE_LOADER)";
				WRAPPER_EXTENSION = xctest;
			};
			name = Debug;
		};
		46764B2D1A4F93F200F0859C /* Release */ = {
			isa = XCBuildConfiguration;
			buildSettings = {
				BUNDLE_LOADER = "$(BUILT_PRODUCTS_DIR)/WhereAmI.app/WhereAmI";
				FRAMEWORK_SEARCH_PATHS = (
					"$(SDKROOT)/Developer/Library/Frameworks",
					"$(inherited)",
					"$(DEVELOPER_FRAMEWORKS_DIR)",
				);
				GCC_PRECOMPILE_PREFIX_HEADER = YES;
				GCC_PREFIX_HEADER = "WhereAmI/WhereAmI-Prefix.pch";
				INFOPLIST_FILE = "WhereAmITests/WhereAmITests-Info.plist";
				PRODUCT_NAME = "$(TARGET_NAME)";
				TEST_HOST = "$(BUNDLE_LOADER)";
				WRAPPER_EXTENSION = xctest;
			};
			name = Release;
		};
/* End XCBuildConfiguration section */

/* Begin XCConfigurationList section */
		46764AF11A4F93F200F0859C /* Build configuration list for PBXProject "WhereAmI" */ = {
			isa = XCConfigurationList;
			buildConfigurations = (
				46764B261A4F93F200F0859C /* Debug */,
				46764B271A4F93F200F0859C /* Release */,
			);
			defaultConfigurationIsVisible = 0;
			defaultConfigurationName = Release;
		};
		46764B281A4F93F200F0859C /* Build configuration list for PBXNativeTarget "WhereAmI" */ = {
			isa = XCConfigurationList;
			buildConfigurations = (
				46764B291A4F93F200F0859C /* Debug */,
				46764B2A1A4F93F200F0859C /* Release */,
			);
			defaultConfigurationIsVisible = 0;
		};
		46764B2B1A4F93F200F0859C /* Build configuration list for PBXNativeTarget "WhereAmITests" */ = {
			isa = XCConfigurationList;
			buildConfigurations = (
				46764B2C1A4F93F200F0859C /* Debug */,
				46764B2D1A4F93F200F0859C /* Release */,
			);
			defaultConfigurationIsVisible = 0;
		};
/* End XCConfigurationList section */
	};
	rootObject = 46764AEE1A4F93F200F0859C /* Project object */;
}
